
Microsoft Visual Studio Solution File, Format Version 12.00
# Visual Studio Version 16
VisualStudioVersion = 16.0.30907.101
MinimumVisualStudioVersion = 10.0.40219.1
Project("{8BC9CEB8-8B4A-11D0-8D11-00A0C91BC942}") = "Codeforces3", "Codeforces3\Codeforces3.vcxproj", "{A0E94E32-E333-4A2E-BAD8-203892B7DEBA}"
EndProject
Global
	GlobalSection(SolutionConfigurationPlatforms) = preSolution
		Debug|x64 = Debug|x64
		Debug|x86 = Debug|x86
		Release|x64 = Release|x64
		Release|x86 = Release|x86
	EndGlobalSection
	GlobalSection(ProjectConfigurationPlatforms) = postSolution
		{A0E94E32-E333-4A2E-BAD8-203892B7DEBA}.Debug|x64.ActiveCfg = Debug|x64
		{A0E94E32-E333-4A2E-BAD8-203892B7DEBA}.Debug|x64.Build.0 = Debug|x64
		{A0E94E32-E333-4A2E-BAD8-203892B7DEBA}.Debug|x86.ActiveCfg = Debug|Win32
		{A0E94E32-E333-4A2E-BAD8-203892B7DEBA}.Debug|x86.Build.0 = Debug|Win32
		{A0E94E32-E333-4A2E-BAD8-203892B7DEBA}.Release|x64.ActiveCfg = Release|x64
		{A0E94E32-E333-4A2E-BAD8-203892B7DEBA}.Release|x64.Build.0 = Release|x64
		{A0E94E32-E333-4A2E-BAD8-203892B7DEBA}.Release|x86.ActiveCfg = Release|Win32
		{A0E94E32-E333-4A2E-BAD8-203892B7DEBA}.Release|x86.Build.0 = Release|Win32
	EndGlobalSection
	GlobalSection(SolutionProperties) = preSolution
		HideSolutionNode = FALSE
	EndGlobalSection
	GlobalSection(ExtensibilityGlobals) = postSolution
		SolutionGuid = {0F9E4785-850A-4168-ADBD-FBA3F5BB02EC}
	EndGlobalSection
EndGlobal
